
Microsoft Visual Studio Solution File, Format Version 12.00
# Visual Studio Version 16
VisualStudioVersion = 16.0.30907.101
MinimumVisualStudioVersion = 10.0.40219.1
Project("{FAE04EC0-301F-11D3-BF4B-00C04F79EFBC}") = "BaiTap2", "BaiTap2\BaiTap2.csproj", "{FA3579FB-7B83-41B6-B969-28F43AA8DE05}"
EndProject
Global
	GlobalSection(SolutionConfigurationPlatforms) = preSolution
		Debug|Any CPU = Debug|Any CPU
		Release|Any CPU = Release|Any CPU
	EndGlobalSection
	GlobalSection(ProjectConfigurationPlatforms) = postSolution
		{FA3579FB-7B83-41B6-B969-28F43AA8DE05}.Debug|Any CPU.ActiveCfg = Debug|Any CPU
		{FA3579FB-7B83-41B6-B969-28F43AA8DE05}.Debug|Any CPU.Build.0 = Debug|Any CPU
		{FA3579FB-7B83-41B6-B969-28F43AA8DE05}.Release|Any CPU.ActiveCfg = Release|Any CPU
		{FA3579FB-7B83-41B6-B969-28F43AA8DE05}.Release|Any CPU.Build.0 = Release|Any CPU
	EndGlobalSection
	GlobalSection(SolutionProperties) = preSolution
		HideSolutionNode = FALSE
	EndGlobalSection
	GlobalSection(ExtensibilityGlobals) = postSolution
		SolutionGuid = {0FE11189-43E0-4ABA-A674-C9465CFD067A}
	EndGlobalSection
EndGlobal
